
Microsoft Visual Studio Solution File, Format Version 12.00
# Visual Studio Version 16
VisualStudioVersion = 16.0.31424.327
MinimumVisualStudioVersion = 10.0.40219.1
Project("{9A19103F-16F7-4668-BE54-9A1E7A4F7556}") = "Ref and Out Problem", "Interview_Questions\Ref and Out Problem.csproj", "{35E633DB-71FB-4A0C-A719-7CBE50C90FED}"
EndProject
Project("{9A19103F-16F7-4668-BE54-9A1E7A4F7556}") = "Dynamic Keyword", "IEnumarable Problem\Dynamic Keyword.csproj", "{DFCF63E8-9836-410C-A3D6-CAA33267196B}"
EndProject
Project("{9A19103F-16F7-4668-BE54-9A1E7A4F7556}") = "FindMinPlatform", "FindMinPlatform\FindMinPlatform.csproj", "{F880844C-96DB-4318-9975-445666065515}"
EndProject
Project("{9A19103F-16F7-4668-BE54-9A1E7A4F7556}") = "Root Program", "== and Equals()\Root Program.csproj", "{1247C69E-BD11-4373-8BCD-617B69E62DCF}"
EndProject
Project("{9A19103F-16F7-4668-BE54-9A1E7A4F7556}") = "Tree problem", "Tree problem\Tree problem.csproj", "{81F70BBF-0C3A-4A69-B7B3-107902CB3CA4}"
EndProject
Project("{9A19103F-16F7-4668-BE54-9A1E7A4F7556}") = "ChargeMyPhone", "ChargeMyPhone\ChargeMyPhone.csproj", "{DB389AF6-208E-42C7-B59B-35121D0E9C7C}"
EndProject
Project("{9A19103F-16F7-4668-BE54-9A1E7A4F7556}") = "LargestNumberInAnArray", "ConsoleApp1\LargestNumberInAnArray.csproj", "{8B92C881-2DC0-45C8-B614-26BEAFB75D04}"
EndProject
Project("{9A19103F-16F7-4668-BE54-9A1E7A4F7556}") = "Insert_Node_In_DLL", "Insert_Node_In_DLL\Insert_Node_In_DLL.csproj", "{14A509F8-11B6-4967-B4A4-4CBAB29EBEAB}"
EndProject
Project("{9A19103F-16F7-4668-BE54-9A1E7A4F7556}") = "TallestCylinder", "TallestCylinder\TallestCylinder.csproj", "{3960ED98-A4D1-40E4-B8F4-B3FCFA7B68B8}"
EndProject
Project("{9A19103F-16F7-4668-BE54-9A1E7A4F7556}") = "FindSweetestCookie", "FindSweetestCookie\FindSweetestCookie.csproj", "{87E2068A-05E3-4432-891B-6515C7697923}"
EndProject
Project("{9A19103F-16F7-4668-BE54-9A1E7A4F7556}") = "SinglyLinkedList", "ReverseLinkedList\SinglyLinkedList.csproj", "{83BD2E62-C6B6-46E1-BF2A-18B5D085FE62}"
EndProject
Project("{9A19103F-16F7-4668-BE54-9A1E7A4F7556}") = "ArrayAdditionByOne", "ArrayAdditionByOne\ArrayAdditionByOne.csproj", "{1DF166C0-819F-4495-89F4-3B628E1056C5}"
EndProject
Project("{9A19103F-16F7-4668-BE54-9A1E7A4F7556}") = "MaximumRepeatedChar", "MaximumRepeatedChar\MaximumRepeatedChar.csproj", "{8FE22F50-0D92-456D-93F4-E18B7B913E5A}"
EndProject
Project("{9A19103F-16F7-4668-BE54-9A1E7A4F7556}") = "ReverseWordInASentence", "ReverseWordInASentence\ReverseWordInASentence.csproj", "{9BA57A2B-F0BD-46DE-9369-9A74A6D61D7E}"
EndProject
Project("{9A19103F-16F7-4668-BE54-9A1E7A4F7556}") = "FindNumberOfStudentPassed", "FindNumberOfItemLessThanInput\FindNumberOfStudentPassed.csproj", "{1B4D2052-2665-4A5D-8998-F2371932F379}"
EndProject
Project("{9A19103F-16F7-4668-BE54-9A1E7A4F7556}") = "TimeComplecity", "TimeComplecity\TimeComplecity.csproj", "{1329CCCD-6C46-4D69-8CC1-47F5D3E924AC}"
EndProject
Project("{9A19103F-16F7-4668-BE54-9A1E7A4F7556}") = "BinaryNumberOperation", "ConsoleApp3\BinaryNumberOperation.csproj", "{64A2A1A4-749E-40D2-A38C-283475B9E59C}"
EndProject
Project("{9A19103F-16F7-4668-BE54-9A1E7A4F7556}") = "NoOfOne'sInBinaryDigit", "NoOfOne'sInBinaryDigit\NoOfOne'sInBinaryDigit.csproj", "{59DECC18-CCB0-4375-B4BE-D4B164AFB120}"
EndProject
Project("{9A19103F-16F7-4668-BE54-9A1E7A4F7556}") = "RollerCoasterBribe", "RollerCoasterBribe\RollerCoasterBribe.csproj", "{CD33464E-4155-4246-BDB9-AB20F29910E7}"
EndProject
Project("{9A19103F-16F7-4668-BE54-9A1E7A4F7556}") = "ParanthisisBalance", "ParanthisisBalance\ParanthisisBalance.csproj", "{3DC778C1-3777-4066-B389-EF04308AA4B5}"
EndProject
Project("{9A19103F-16F7-4668-BE54-9A1E7A4F7556}") = "LongestSortedSubString", "LongestSortedSubString\LongestSortedSubString.csproj", "{09C89CE3-0B07-4365-8359-A8AB392C4CBD}"
EndProject
Project("{9A19103F-16F7-4668-BE54-9A1E7A4F7556}") = "ThreadSynchronization", "ThreadSynchronization\ThreadSynchronization.csproj", "{C470DBAE-0F1D-46D7-9623-7F6EA93BD4EB}"
EndProject
Project("{9A19103F-16F7-4668-BE54-9A1E7A4F7556}") = "UniqueCharCount", "UniqueCharCount\UniqueCharCount.csproj", "{8F3A1FF7-D4DB-4561-A2E9-171AF43AECDD}"
EndProject
Project("{9A19103F-16F7-4668-BE54-9A1E7A4F7556}") = "CommonDigitInTwoArray", "CommonDigitInTwoArray\CommonDigitInTwoArray.csproj", "{B374100C-BEB9-4633-A6B1-8B6C8091E4AD}"
EndProject
Project("{9A19103F-16F7-4668-BE54-9A1E7A4F7556}") = "CheckBinaryAndHexaDecimalNumberEquality", "CheckBinaryAndHexaDecimalNumberEquality\CheckBinaryAndHexaDecimalNumberEquality.csproj", "{444C9FB1-484C-4C5F-BA6A-BC503BADD994}"
EndProject
Project("{9A19103F-16F7-4668-BE54-9A1E7A4F7556}") = "StackProblem_1", "StackProblem_1\StackProblem_1.csproj", "{C94C0B61-E6C8-4235-AB2B-2ECFD1C60EEA}"
EndProject
Project("{9A19103F-16F7-4668-BE54-9A1E7A4F7556}") = "PrintPatterns", "PrintPatterns\PrintPatterns.csproj", "{7E114487-6F00-4453-8521-6821ADF4107E}"
EndProject
Project("{9A19103F-16F7-4668-BE54-9A1E7A4F7556}") = "FirstNonRepeatedChar", "FirstNonRepeatedChar\FirstNonRepeatedChar.csproj", "{627BB654-FFC4-4153-8FCE-C660EA210089}"
EndProject
Project("{2150E333-8FDC-42A3-9474-1A3956D46DE8}") = "Array", "Array", "{92D4D2E9-A825-4CB1-894D-C3479363752E}"
EndProject
Project("{2150E333-8FDC-42A3-9474-1A3956D46DE8}") = "Stack", "Stack", "{6DB10808-556A-46F3-B89C-A544D25658C9}"
EndProject
Project("{9A19103F-16F7-4668-BE54-9A1E7A4F7556}") = "IsUniqueChar", "IsUniqueChar\IsUniqueChar.csproj", "{9A909EE0-D7CB-4277-9DC1-345F0B62FA57}"
EndProject
Project("{9A19103F-16F7-4668-BE54-9A1E7A4F7556}") = "TravelArrayInCirculerFashion", "TravelArrayInCirculerFashion\TravelArrayInCirculerFashion.csproj", "{FA9DD847-DD31-4CCA-B5A5-5E4A2221C64F}"
EndProject
Project("{9A19103F-16F7-4668-BE54-9A1E7A4F7556}") = "S2isPermutationOfS1", "S2isPermutationOfS1\S2isPermutationOfS1.csproj", "{FD3FF7B2-CAC7-42E4-96A2-9772C69ECF77}"
EndProject
Project("{9A19103F-16F7-4668-BE54-9A1E7A4F7556}") = "StrictMountain", "StrictMountain\StrictMountain.csproj", "{80EADCA8-115B-4763-9978-638E13F301A8}"
EndProject
Project("{9A19103F-16F7-4668-BE54-9A1E7A4F7556}") = "ReplaceSpaceWithGivenSubstring", "ReplaceSpaceWith$20InAString\ReplaceSpaceWithGivenSubstring.csproj", "{9A4ECB82-E53B-48C3-B23B-85FB70291F4A}"
EndProject
Project("{9A19103F-16F7-4668-BE54-9A1E7A4F7556}") = "AreStringsEqualOnSingleEdit", "AreStringsEqualOnSingleEdit\AreStringsEqualOnSingleEdit.csproj", "{827143CD-F679-4886-9508-DBF42E9E5038}"
EndProject
Project("{9A19103F-16F7-4668-BE54-9A1E7A4F7556}") = "StringCompression", "StringCompression\StringCompression.csproj", "{97F184D7-F593-4A69-8598-BA45BBEB9112}"
EndProject
Project("{9A19103F-16F7-4668-BE54-9A1E7A4F7556}") = "MatrixRotationby90Degree", "MatrixRotationby90Degree\MatrixRotationby90Degree.csproj", "{0EFA71B7-D407-42A7-8A44-97D55972B6E3}"
EndProject
Project("{9A19103F-16F7-4668-BE54-9A1E7A4F7556}") = "RomanToDecimal", "RomanToDecimal\RomanToDecimal.csproj", "{2A27F5E5-1114-4AB8-9CAA-E84F4BC8665A}"
EndProject
Project("{2150E333-8FDC-42A3-9474-1A3956D46DE8}") = "Tests", "Tests", "{32FB9E27-831D-47D4-8316-CB461A4DEAA8}"
EndProject
Project("{9A19103F-16F7-4668-BE54-9A1E7A4F7556}") = "TestProject", "TestProject\TestProject.csproj", "{E47E4A8C-19AB-44D6-A337-AAE63A073CCB}"
EndProject
Project("{2150E333-8FDC-42A3-9474-1A3956D46DE8}") = "List", "List", "{12B03C23-5332-469F-AF97-1E9CDC2536AB}"
EndProject
Project("{9A19103F-16F7-4668-BE54-9A1E7A4F7556}") = "AddTwoNumbers", "AddTwoNumbers\AddTwoNumbers.csproj", "{94DF6B5B-7F7D-4E7E-9DE4-4EC5692CE590}"
EndProject
Project("{9A19103F-16F7-4668-BE54-9A1E7A4F7556}") = "MaxWaterContainerCanHold", "MaxWaterContainerCanHold\MaxWaterContainerCanHold.csproj", "{3EB781ED-D978-4A02-98F2-7A29C429CA80}"
EndProject
Project("{2150E333-8FDC-42A3-9474-1A3956D46DE8}") = "String", "String", "{190285A9-F05A-4AA5-8933-6198CB3EF1C1}"
EndProject
Project("{9A19103F-16F7-4668-BE54-9A1E7A4F7556}") = "LongestPalindromicSubstring", "LongestPalindromicSubstring\LongestPalindromicSubstring.csproj", "{E75BC819-951F-46DB-AB96-5EF6789048E8}"
EndProject
Project("{9A19103F-16F7-4668-BE54-9A1E7A4F7556}") = "TrappingMaximumRainWater", "TrappingMaximumRainWater\TrappingMaximumRainWater.csproj", "{DEBA3340-C536-4D28-8FA1-033186334AC3}"
EndProject
Project("{FAE04EC0-301F-11D3-BF4B-00C04F79EFBC}") = "IsStringRotation", "IsStringRotation\IsStringRotation.csproj", "{7704110E-72CE-47D4-863B-01E753844EDA}"
EndProject
Global
	GlobalSection(SolutionConfigurationPlatforms) = preSolution
		Debug|Any CPU = Debug|Any CPU
		Release|Any CPU = Release|Any CPU
	EndGlobalSection
	GlobalSection(ProjectConfigurationPlatforms) = postSolution
		{35E633DB-71FB-4A0C-A719-7CBE50C90FED}.Debug|Any CPU.ActiveCfg = Debug|Any CPU
		{35E633DB-71FB-4A0C-A719-7CBE50C90FED}.Debug|Any CPU.Build.0 = Debug|Any CPU
		{35E633DB-71FB-4A0C-A719-7CBE50C90FED}.Release|Any CPU.ActiveCfg = Release|Any CPU
		{35E633DB-71FB-4A0C-A719-7CBE50C90FED}.Release|Any CPU.Build.0 = Release|Any CPU
		{DFCF63E8-9836-410C-A3D6-CAA33267196B}.Debug|Any CPU.ActiveCfg = Debug|Any CPU
		{DFCF63E8-9836-410C-A3D6-CAA33267196B}.Debug|Any CPU.Build.0 = Debug|Any CPU
		{DFCF63E8-9836-410C-A3D6-CAA33267196B}.Release|Any CPU.ActiveCfg = Release|Any CPU
		{DFCF63E8-9836-410C-A3D6-CAA33267196B}.Release|Any CPU.Build.0 = Release|Any CPU
		{F880844C-96DB-4318-9975-445666065515}.Debug|Any CPU.ActiveCfg = Debug|Any CPU
		{F880844C-96DB-4318-9975-445666065515}.Debug|Any CPU.Build.0 = Debug|Any CPU
		{F880844C-96DB-4318-9975-445666065515}.Release|Any CPU.ActiveCfg = Release|Any CPU
		{F880844C-96DB-4318-9975-445666065515}.Release|Any CPU.Build.0 = Release|Any CPU
		{1247C69E-BD11-4373-8BCD-617B69E62DCF}.Debug|Any CPU.ActiveCfg = Debug|Any CPU
		{1247C69E-BD11-4373-8BCD-617B69E62DCF}.Debug|Any CPU.Build.0 = Debug|Any CPU
		{1247C69E-BD11-4373-8BCD-617B69E62DCF}.Release|Any CPU.ActiveCfg = Release|Any CPU
		{1247C69E-BD11-4373-8BCD-617B69E62DCF}.Release|Any CPU.Build.0 = Release|Any CPU
		{81F70BBF-0C3A-4A69-B7B3-107902CB3CA4}.Debug|Any CPU.ActiveCfg = Debug|Any CPU
		{81F70BBF-0C3A-4A69-B7B3-107902CB3CA4}.Debug|Any CPU.Build.0 = Debug|Any CPU
		{81F70BBF-0C3A-4A69-B7B3-107902CB3CA4}.Release|Any CPU.ActiveCfg = Release|Any CPU
		{81F70BBF-0C3A-4A69-B7B3-107902CB3CA4}.Release|Any CPU.Build.0 = Release|Any CPU
		{DB389AF6-208E-42C7-B59B-35121D0E9C7C}.Debug|Any CPU.ActiveCfg = Debug|Any CPU
		{DB389AF6-208E-42C7-B59B-35121D0E9C7C}.Debug|Any CPU.Build.0 = Debug|Any CPU
		{DB389AF6-208E-42C7-B59B-35121D0E9C7C}.Release|Any CPU.ActiveCfg = Release|Any CPU
		{DB389AF6-208E-42C7-B59B-35121D0E9C7C}.Release|Any CPU.Build.0 = Release|Any CPU
		{8B92C881-2DC0-45C8-B614-26BEAFB75D04}.Debug|Any CPU.ActiveCfg = Debug|Any CPU
		{8B92C881-2DC0-45C8-B614-26BEAFB75D04}.Debug|Any CPU.Build.0 = Debug|Any CPU
		{8B92C881-2DC0-45C8-B614-26BEAFB75D04}.Release|Any CPU.ActiveCfg = Release|Any CPU
		{8B92C881-2DC0-45C8-B614-26BEAFB75D04}.Release|Any CPU.Build.0 = Release|Any CPU
		{14A509F8-11B6-4967-B4A4-4CBAB29EBEAB}.Debug|Any CPU.ActiveCfg = Debug|Any CPU
		{14A509F8-11B6-4967-B4A4-4CBAB29EBEAB}.Debug|Any CPU.Build.0 = Debug|Any CPU
		{14A509F8-11B6-4967-B4A4-4CBAB29EBEAB}.Release|Any CPU.ActiveCfg = Release|Any CPU
		{14A509F8-11B6-4967-B4A4-4CBAB29EBEAB}.Release|Any CPU.Build.0 = Release|Any CPU
		{3960ED98-A4D1-40E4-B8F4-B3FCFA7B68B8}.Debug|Any CPU.ActiveCfg = Debug|Any CPU
		{3960ED98-A4D1-40E4-B8F4-B3FCFA7B68B8}.Debug|Any CPU.Build.0 = Debug|Any CPU
		{3960ED98-A4D1-40E4-B8F4-B3FCFA7B68B8}.Release|Any CPU.ActiveCfg = Release|Any CPU
		{3960ED98-A4D1-40E4-B8F4-B3FCFA7B68B8}.Release|Any CPU.Build.0 = Release|Any CPU
		{87E2068A-05E3-4432-891B-6515C7697923}.Debug|Any CPU.ActiveCfg = Debug|Any CPU
		{87E2068A-05E3-4432-891B-6515C7697923}.Debug|Any CPU.Build.0 = Debug|Any CPU
		{87E2068A-05E3-4432-891B-6515C7697923}.Release|Any CPU.ActiveCfg = Release|Any CPU
		{87E2068A-05E3-4432-891B-6515C7697923}.Release|Any CPU.Build.0 = Release|Any CPU
		{83BD2E62-C6B6-46E1-BF2A-18B5D085FE62}.Debug|Any CPU.ActiveCfg = Debug|Any CPU
		{83BD2E62-C6B6-46E1-BF2A-18B5D085FE62}.Debug|Any CPU.Build.0 = Debug|Any CPU
		{83BD2E62-C6B6-46E1-BF2A-18B5D085FE62}.Release|Any CPU.ActiveCfg = Release|Any CPU
		{83BD2E62-C6B6-46E1-BF2A-18B5D085FE62}.Release|Any CPU.Build.0 = Release|Any CPU
		{1DF166C0-819F-4495-89F4-3B628E1056C5}.Debug|Any CPU.ActiveCfg = Debug|Any CPU
		{1DF166C0-819F-4495-89F4-3B628E1056C5}.Debug|Any CPU.Build.0 = Debug|Any CPU
		{1DF166C0-819F-4495-89F4-3B628E1056C5}.Release|Any CPU.ActiveCfg = Release|Any CPU
		{1DF166C0-819F-4495-89F4-3B628E1056C5}.Release|Any CPU.Build.0 = Release|Any CPU
		{8FE22F50-0D92-456D-93F4-E18B7B913E5A}.Debug|Any CPU.ActiveCfg = Debug|Any CPU
		{8FE22F50-0D92-456D-93F4-E18B7B913E5A}.Debug|Any CPU.Build.0 = Debug|Any CPU
		{8FE22F50-0D92-456D-93F4-E18B7B913E5A}.Release|Any CPU.ActiveCfg = Release|Any CPU
		{8FE22F50-0D92-456D-93F4-E18B7B913E5A}.Release|Any CPU.Build.0 = Release|Any CPU
		{9BA57A2B-F0BD-46DE-9369-9A74A6D61D7E}.Debug|Any CPU.ActiveCfg = Debug|Any CPU
		{9BA57A2B-F0BD-46DE-9369-9A74A6D61D7E}.Debug|Any CPU.Build.0 = Debug|Any CPU
		{9BA57A2B-F0BD-46DE-9369-9A74A6D61D7E}.Release|Any CPU.ActiveCfg = Release|Any CPU
		{9BA57A2B-F0BD-46DE-9369-9A74A6D61D7E}.Release|Any CPU.Build.0 = Release|Any CPU
		{1B4D2052-2665-4A5D-8998-F2371932F379}.Debug|Any CPU.ActiveCfg = Debug|Any CPU
		{1B4D2052-2665-4A5D-8998-F2371932F379}.Debug|Any CPU.Build.0 = Debug|Any CPU
		{1B4D2052-2665-4A5D-8998-F2371932F379}.Release|Any CPU.ActiveCfg = Release|Any CPU
		{1B4D2052-2665-4A5D-8998-F2371932F379}.Release|Any CPU.Build.0 = Release|Any CPU
		{1329CCCD-6C46-4D69-8CC1-47F5D3E924AC}.Debug|Any CPU.ActiveCfg = Debug|Any CPU
		{1329CCCD-6C46-4D69-8CC1-47F5D3E924AC}.Debug|Any CPU.Build.0 = Debug|Any CPU
		{1329CCCD-6C46-4D69-8CC1-47F5D3E924AC}.Release|Any CPU.ActiveCfg = Release|Any CPU
		{1329CCCD-6C46-4D69-8CC1-47F5D3E924AC}.Release|Any CPU.Build.0 = Release|Any CPU
		{64A2A1A4-749E-40D2-A38C-283475B9E59C}.Debug|Any CPU.ActiveCfg = Debug|Any CPU
		{64A2A1A4-749E-40D2-A38C-283475B9E59C}.Debug|Any CPU.Build.0 = Debug|Any CPU
		{64A2A1A4-749E-40D2-A38C-283475B9E59C}.Release|Any CPU.ActiveCfg = Release|Any CPU
		{64A2A1A4-749E-40D2-A38C-283475B9E59C}.Release|Any CPU.Build.0 = Release|Any CPU
		{59DECC18-CCB0-4375-B4BE-D4B164AFB120}.Debug|Any CPU.ActiveCfg = Debug|Any CPU
		{59DECC18-CCB0-4375-B4BE-D4B164AFB120}.Debug|Any CPU.Build.0 = Debug|Any CPU
		{59DECC18-CCB0-4375-B4BE-D4B164AFB120}.Release|Any CPU.ActiveCfg = Release|Any CPU
		{59DECC18-CCB0-4375-B4BE-D4B164AFB120}.Release|Any CPU.Build.0 = Release|Any CPU
		{CD33464E-4155-4246-BDB9-AB20F29910E7}.Debug|Any CPU.ActiveCfg = Debug|Any CPU
		{CD33464E-4155-4246-BDB9-AB20F29910E7}.Debug|Any CPU.Build.0 = Debug|Any CPU
		{CD33464E-4155-4246-BDB9-AB20F29910E7}.Release|Any CPU.ActiveCfg = Release|Any CPU
		{CD33464E-4155-4246-BDB9-AB20F29910E7}.Release|Any CPU.Build.0 = Release|Any CPU
		{3DC778C1-3777-4066-B389-EF04308AA4B5}.Debug|Any CPU.ActiveCfg = Debug|Any CPU
		{3DC778C1-3777-4066-B389-EF04308AA4B5}.Debug|Any CPU.Build.0 = Debug|Any CPU
		{3DC778C1-3777-4066-B389-EF04308AA4B5}.Release|Any CPU.ActiveCfg = Release|Any CPU
		{3DC778C1-3777-4066-B389-EF04308AA4B5}.Release|Any CPU.Build.0 = Release|Any CPU
		{09C89CE3-0B07-4365-8359-A8AB392C4CBD}.Debug|Any CPU.ActiveCfg = Debug|Any CPU
		{09C89CE3-0B07-4365-8359-A8AB392C4CBD}.Debug|Any CPU.Build.0 = Debug|Any CPU
		{09C89CE3-0B07-4365-8359-A8AB392C4CBD}.Release|Any CPU.ActiveCfg = Release|Any CPU
		{09C89CE3-0B07-4365-8359-A8AB392C4CBD}.Release|Any CPU.Build.0 = Release|Any CPU
		{C470DBAE-0F1D-46D7-9623-7F6EA93BD4EB}.Debug|Any CPU.ActiveCfg = Debug|Any CPU
		{C470DBAE-0F1D-46D7-9623-7F6EA93BD4EB}.Debug|Any CPU.Build.0 = Debug|Any CPU
		{C470DBAE-0F1D-46D7-9623-7F6EA93BD4EB}.Release|Any CPU.ActiveCfg = Release|Any CPU
		{C470DBAE-0F1D-46D7-9623-7F6EA93BD4EB}.Release|Any CPU.Build.0 = Release|Any CPU
		{8F3A1FF7-D4DB-4561-A2E9-171AF43AECDD}.Debug|Any CPU.ActiveCfg = Debug|Any CPU
		{8F3A1FF7-D4DB-4561-A2E9-171AF43AECDD}.Debug|Any CPU.Build.0 = Debug|Any CPU
		{8F3A1FF7-D4DB-4561-A2E9-171AF43AECDD}.Release|Any CPU.ActiveCfg = Release|Any CPU
		{8F3A1FF7-D4DB-4561-A2E9-171AF43AECDD}.Release|Any CPU.Build.0 = Release|Any CPU
		{B374100C-BEB9-4633-A6B1-8B6C8091E4AD}.Debug|Any CPU.ActiveCfg = Debug|Any CPU
		{B374100C-BEB9-4633-A6B1-8B6C8091E4AD}.Debug|Any CPU.Build.0 = Debug|Any CPU
		{B374100C-BEB9-4633-A6B1-8B6C8091E4AD}.Release|Any CPU.ActiveCfg = Release|Any CPU
		{B374100C-BEB9-4633-A6B1-8B6C8091E4AD}.Release|Any CPU.Build.0 = Release|Any CPU
		{444C9FB1-484C-4C5F-BA6A-BC503BADD994}.Debug|Any CPU.ActiveCfg = Debug|Any CPU
		{444C9FB1-484C-4C5F-BA6A-BC503BADD994}.Debug|Any CPU.Build.0 = Debug|Any CPU
		{444C9FB1-484C-4C5F-BA6A-BC503BADD994}.Release|Any CPU.ActiveCfg = Release|Any CPU
		{444C9FB1-484C-4C5F-BA6A-BC503BADD994}.Release|Any CPU.Build.0 = Release|Any CPU
		{C94C0B61-E6C8-4235-AB2B-2ECFD1C60EEA}.Debug|Any CPU.ActiveCfg = Debug|Any CPU
		{C94C0B61-E6C8-4235-AB2B-2ECFD1C60EEA}.Debug|Any CPU.Build.0 = Debug|Any CPU
		{C94C0B61-E6C8-4235-AB2B-2ECFD1C60EEA}.Release|Any CPU.ActiveCfg = Release|Any CPU
		{C94C0B61-E6C8-4235-AB2B-2ECFD1C60EEA}.Release|Any CPU.Build.0 = Release|Any CPU
		{7E114487-6F00-4453-8521-6821ADF4107E}.Debug|Any CPU.ActiveCfg = Debug|Any CPU
		{7E114487-6F00-4453-8521-6821ADF4107E}.Debug|Any CPU.Build.0 = Debug|Any CPU
		{7E114487-6F00-4453-8521-6821ADF4107E}.Release|Any CPU.ActiveCfg = Release|Any CPU
		{7E114487-6F00-4453-8521-6821ADF4107E}.Release|Any CPU.Build.0 = Release|Any CPU
		{627BB654-FFC4-4153-8FCE-C660EA210089}.Debug|Any CPU.ActiveCfg = Debug|Any CPU
		{627BB654-FFC4-4153-8FCE-C660EA210089}.Debug|Any CPU.Build.0 = Debug|Any CPU
		{627BB654-FFC4-4153-8FCE-C660EA210089}.Release|Any CPU.ActiveCfg = Release|Any CPU
		{627BB654-FFC4-4153-8FCE-C660EA210089}.Release|Any CPU.Build.0 = Release|Any CPU
		{9A909EE0-D7CB-4277-9DC1-345F0B62FA57}.Debug|Any CPU.ActiveCfg = Debug|Any CPU
		{9A909EE0-D7CB-4277-9DC1-345F0B62FA57}.Debug|Any CPU.Build.0 = Debug|Any CPU
		{9A909EE0-D7CB-4277-9DC1-345F0B62FA57}.Release|Any CPU.ActiveCfg = Release|Any CPU
		{9A909EE0-D7CB-4277-9DC1-345F0B62FA57}.Release|Any CPU.Build.0 = Release|Any CPU
		{FA9DD847-DD31-4CCA-B5A5-5E4A2221C64F}.Debug|Any CPU.ActiveCfg = Debug|Any CPU
		{FA9DD847-DD31-4CCA-B5A5-5E4A2221C64F}.Debug|Any CPU.Build.0 = Debug|Any CPU
		{FA9DD847-DD31-4CCA-B5A5-5E4A2221C64F}.Release|Any CPU.ActiveCfg = Release|Any CPU
		{FA9DD847-DD31-4CCA-B5A5-5E4A2221C64F}.Release|Any CPU.Build.0 = Release|Any CPU
		{FD3FF7B2-CAC7-42E4-96A2-9772C69ECF77}.Debug|Any CPU.ActiveCfg = Debug|Any CPU
		{FD3FF7B2-CAC7-42E4-96A2-9772C69ECF77}.Debug|Any CPU.Build.0 = Debug|Any CPU
		{FD3FF7B2-CAC7-42E4-96A2-9772C69ECF77}.Release|Any CPU.ActiveCfg = Release|Any CPU
		{FD3FF7B2-CAC7-42E4-96A2-9772C69ECF77}.Release|Any CPU.Build.0 = Release|Any CPU
		{80EADCA8-115B-4763-9978-638E13F301A8}.Debug|Any CPU.ActiveCfg = Debug|Any CPU
		{80EADCA8-115B-4763-9978-638E13F301A8}.Debug|Any CPU.Build.0 = Debug|Any CPU
		{80EADCA8-115B-4763-9978-638E13F301A8}.Release|Any CPU.ActiveCfg = Release|Any CPU
		{80EADCA8-115B-4763-9978-638E13F301A8}.Release|Any CPU.Build.0 = Release|Any CPU
		{9A4ECB82-E53B-48C3-B23B-85FB70291F4A}.Debug|Any CPU.ActiveCfg = Debug|Any CPU
		{9A4ECB82-E53B-48C3-B23B-85FB70291F4A}.Debug|Any CPU.Build.0 = Debug|Any CPU
		{9A4ECB82-E53B-48C3-B23B-85FB70291F4A}.Release|Any CPU.ActiveCfg = Release|Any CPU
		{9A4ECB82-E53B-48C3-B23B-85FB70291F4A}.Release|Any CPU.Build.0 = Release|Any CPU
		{827143CD-F679-4886-9508-DBF42E9E5038}.Debug|Any CPU.ActiveCfg = Debug|Any CPU
		{827143CD-F679-4886-9508-DBF42E9E5038}.Debug|Any CPU.Build.0 = Debug|Any CPU
		{827143CD-F679-4886-9508-DBF42E9E5038}.Release|Any CPU.ActiveCfg = Release|Any CPU
		{827143CD-F679-4886-9508-DBF42E9E5038}.Release|Any CPU.Build.0 = Release|Any CPU
		{97F184D7-F593-4A69-8598-BA45BBEB9112}.Debug|Any CPU.ActiveCfg = Debug|Any CPU
		{97F184D7-F593-4A69-8598-BA45BBEB9112}.Debug|Any CPU.Build.0 = Debug|Any CPU
		{97F184D7-F593-4A69-8598-BA45BBEB9112}.Release|Any CPU.ActiveCfg = Release|Any CPU
		{97F184D7-F593-4A69-8598-BA45BBEB9112}.Release|Any CPU.Build.0 = Release|Any CPU
		{0EFA71B7-D407-42A7-8A44-97D55972B6E3}.Debug|Any CPU.ActiveCfg = Debug|Any CPU
		{0EFA71B7-D407-42A7-8A44-97D55972B6E3}.Debug|Any CPU.Build.0 = Debug|Any CPU
		{0EFA71B7-D407-42A7-8A44-97D55972B6E3}.Release|Any CPU.ActiveCfg = Release|Any CPU
		{0EFA71B7-D407-42A7-8A44-97D55972B6E3}.Release|Any CPU.Build.0 = Release|Any CPU
		{2A27F5E5-1114-4AB8-9CAA-E84F4BC8665A}.Debug|Any CPU.ActiveCfg = Debug|Any CPU
		{2A27F5E5-1114-4AB8-9CAA-E84F4BC8665A}.Debug|Any CPU.Build.0 = Debug|Any CPU
		{2A27F5E5-1114-4AB8-9CAA-E84F4BC8665A}.Release|Any CPU.ActiveCfg = Release|Any CPU
		{2A27F5E5-1114-4AB8-9CAA-E84F4BC8665A}.Release|Any CPU.Build.0 = Release|Any CPU
		{E47E4A8C-19AB-44D6-A337-AAE63A073CCB}.Debug|Any CPU.ActiveCfg = Debug|Any CPU
		{E47E4A8C-19AB-44D6-A337-AAE63A073CCB}.Debug|Any CPU.Build.0 = Debug|Any CPU
		{E47E4A8C-19AB-44D6-A337-AAE63A073CCB}.Release|Any CPU.ActiveCfg = Release|Any CPU
		{E47E4A8C-19AB-44D6-A337-AAE63A073CCB}.Release|Any CPU.Build.0 = Release|Any CPU
		{94DF6B5B-7F7D-4E7E-9DE4-4EC5692CE590}.Debug|Any CPU.ActiveCfg = Debug|Any CPU
		{94DF6B5B-7F7D-4E7E-9DE4-4EC5692CE590}.Debug|Any CPU.Build.0 = Debug|Any CPU
		{94DF6B5B-7F7D-4E7E-9DE4-4EC5692CE590}.Release|Any CPU.ActiveCfg = Release|Any CPU
		{94DF6B5B-7F7D-4E7E-9DE4-4EC5692CE590}.Release|Any CPU.Build.0 = Release|Any CPU
		{3EB781ED-D978-4A02-98F2-7A29C429CA80}.Debug|Any CPU.ActiveCfg = Debug|Any CPU
		{3EB781ED-D978-4A02-98F2-7A29C429CA80}.Debug|Any CPU.Build.0 = Debug|Any CPU
		{3EB781ED-D978-4A02-98F2-7A29C429CA80}.Release|Any CPU.ActiveCfg = Release|Any CPU
		{3EB781ED-D978-4A02-98F2-7A29C429CA80}.Release|Any CPU.Build.0 = Release|Any CPU
		{E75BC819-951F-46DB-AB96-5EF6789048E8}.Debug|Any CPU.ActiveCfg = Debug|Any CPU
		{E75BC819-951F-46DB-AB96-5EF6789048E8}.Debug|Any CPU.Build.0 = Debug|Any CPU
		{E75BC819-951F-46DB-AB96-5EF6789048E8}.Release|Any CPU.ActiveCfg = Release|Any CPU
		{E75BC819-951F-46DB-AB96-5EF6789048E8}.Release|Any CPU.Build.0 = Release|Any CPU
		{DEBA3340-C536-4D28-8FA1-033186334AC3}.Debug|Any CPU.ActiveCfg = Debug|Any CPU
		{DEBA3340-C536-4D28-8FA1-033186334AC3}.Debug|Any CPU.Build.0 = Debug|Any CPU
		{DEBA3340-C536-4D28-8FA1-033186334AC3}.Release|Any CPU.ActiveCfg = Release|Any CPU
		{DEBA3340-C536-4D28-8FA1-033186334AC3}.Release|Any CPU.Build.0 = Release|Any CPU
		{7704110E-72CE-47D4-863B-01E753844EDA}.Debug|Any CPU.ActiveCfg = Debug|Any CPU
		{7704110E-72CE-47D4-863B-01E753844EDA}.Debug|Any CPU.Build.0 = Debug|Any CPU
		{7704110E-72CE-47D4-863B-01E753844EDA}.Release|Any CPU.ActiveCfg = Release|Any CPU
		{7704110E-72CE-47D4-863B-01E753844EDA}.Release|Any CPU.Build.0 = Release|Any CPU
	EndGlobalSection
	GlobalSection(SolutionProperties) = preSolution
		HideSolutionNode = FALSE
	EndGlobalSection
	GlobalSection(NestedProjects) = preSolution
		{1DF166C0-819F-4495-89F4-3B628E1056C5} = {92D4D2E9-A825-4CB1-894D-C3479363752E}
		{09C89CE3-0B07-4365-8359-A8AB392C4CBD} = {190285A9-F05A-4AA5-8933-6198CB3EF1C1}
		{C94C0B61-E6C8-4235-AB2B-2ECFD1C60EEA} = {6DB10808-556A-46F3-B89C-A544D25658C9}
		{627BB654-FFC4-4153-8FCE-C660EA210089} = {92D4D2E9-A825-4CB1-894D-C3479363752E}
		{9A909EE0-D7CB-4277-9DC1-345F0B62FA57} = {92D4D2E9-A825-4CB1-894D-C3479363752E}
		{FA9DD847-DD31-4CCA-B5A5-5E4A2221C64F} = {92D4D2E9-A825-4CB1-894D-C3479363752E}
		{FD3FF7B2-CAC7-42E4-96A2-9772C69ECF77} = {92D4D2E9-A825-4CB1-894D-C3479363752E}
		{80EADCA8-115B-4763-9978-638E13F301A8} = {92D4D2E9-A825-4CB1-894D-C3479363752E}
		{9A4ECB82-E53B-48C3-B23B-85FB70291F4A} = {190285A9-F05A-4AA5-8933-6198CB3EF1C1}
		{827143CD-F679-4886-9508-DBF42E9E5038} = {92D4D2E9-A825-4CB1-894D-C3479363752E}
		{97F184D7-F593-4A69-8598-BA45BBEB9112} = {92D4D2E9-A825-4CB1-894D-C3479363752E}
		{0EFA71B7-D407-42A7-8A44-97D55972B6E3} = {92D4D2E9-A825-4CB1-894D-C3479363752E}
		{2A27F5E5-1114-4AB8-9CAA-E84F4BC8665A} = {92D4D2E9-A825-4CB1-894D-C3479363752E}
		{32FB9E27-831D-47D4-8316-CB461A4DEAA8} = {92D4D2E9-A825-4CB1-894D-C3479363752E}
		{E47E4A8C-19AB-44D6-A337-AAE63A073CCB} = {32FB9E27-831D-47D4-8316-CB461A4DEAA8}
		{94DF6B5B-7F7D-4E7E-9DE4-4EC5692CE590} = {12B03C23-5332-469F-AF97-1E9CDC2536AB}
		{3EB781ED-D978-4A02-98F2-7A29C429CA80} = {92D4D2E9-A825-4CB1-894D-C3479363752E}
		{E75BC819-951F-46DB-AB96-5EF6789048E8} = {190285A9-F05A-4AA5-8933-6198CB3EF1C1}
		{DEBA3340-C536-4D28-8FA1-033186334AC3} = {190285A9-F05A-4AA5-8933-6198CB3EF1C1}
		{7704110E-72CE-47D4-863B-01E753844EDA} = {190285A9-F05A-4AA5-8933-6198CB3EF1C1}
	EndGlobalSection
	GlobalSection(ExtensibilityGlobals) = postSolution
		SolutionGuid = {7EBD0303-0E11-4A3E-B8E3-741CF711E1B6}
	EndGlobalSection
EndGlobal
